// !$*UTF8*$!
{
	archiveVersion = 1;
	classes = {
	};
	objectVersion = 46;
	objects = {

/* Begin PBXBuildFile section */
		5211A1F51C2677FF00683E6D /* AppDelegate.swift in Sources */ = {isa = PBXBuildFile; fileRef = 5211A1F41C2677FF00683E6D /* AppDelegate.swift */; };
		5211A1F71C2677FF00683E6D /* ViewController.swift in Sources */ = {isa = PBXBuildFile; fileRef = 5211A1F61C2677FF00683E6D /* ViewController.swift */; };
		5211A1FA1C2677FF00683E6D /* Main.storyboard in Resources */ = {isa = PBXBuildFile; fileRef = 5211A1F81C2677FF00683E6D /* Main.storyboard */; };
		5211A1FD1C2677FF00683E6D /* Intro_App_Exercise__red_or_blue_.xcdatamodeld in Sources */ = {isa = PBXBuildFile; fileRef = 5211A1FB1C2677FF00683E6D /* Intro_App_Exercise__red_or_blue_.xcdatamodeld */; };
		5211A1FF1C2677FF00683E6D /* Assets.xcassets in Resources */ = {isa = PBXBuildFile; fileRef = 5211A1FE1C2677FF00683E6D /* Assets.xcassets */; };
		5211A2021C2677FF00683E6D /* LaunchScreen.storyboard in Resources */ = {isa = PBXBuildFile; fileRef = 5211A2001C2677FF00683E6D /* LaunchScreen.storyboard */; };
		5211A20D1C2677FF00683E6D /* Intro_App_Exercise__red_or_blue_Tests.swift in Sources */ = {isa = PBXBuildFile; fileRef = 5211A20C1C2677FF00683E6D /* Intro_App_Exercise__red_or_blue_Tests.swift */; };
		5211A2181C2677FF00683E6D /* Intro_App_Exercise__red_or_blue_UITests.swift in Sources */ = {isa = PBXBuildFile; fileRef = 5211A2171C2677FF00683E6D /* Intro_App_Exercise__red_or_blue_UITests.swift */; };
/* End PBXBuildFile section */

/* Begin PBXContainerItemProxy section */
		5211A2091C2677FF00683E6D /* PBXContainerItemProxy */ = {
			isa = PBXContainerItemProxy;
			containerPortal = 5211A1E91C2677FF00683E6D /* Project object */;
			proxyType = 1;
			remoteGlobalIDString = 5211A1F01C2677FF00683E6D;
			remoteInfo = "Intro App Exercise (red or blue)";
		};
		5211A2141C2677FF00683E6D /* PBXContainerItemProxy */ = {
			isa = PBXContainerItemProxy;
			containerPortal = 5211A1E91C2677FF00683E6D /* Project object */;
			proxyType = 1;
			remoteGlobalIDString = 5211A1F01C2677FF00683E6D;
			remoteInfo = "Intro App Exercise (red or blue)";
		};
/* End PBXContainerItemProxy section */

/* Begin PBXFileReference section */
		5211A1F11C2677FF00683E6D /* Intro App Exercise (red or blue).app */ = {isa = PBXFileReference; explicitFileType = wrapper.application; includeInIndex = 0; path = "Intro App Exercise (red or blue).app"; sourceTree = BUILT_PRODUCTS_DIR; };
		5211A1F41C2677FF00683E6D /* AppDelegate.swift */ = {isa = PBXFileReference; lastKnownFileType = sourcecode.swift; path = AppDelegate.swift; sourceTree = "<group>"; };
		5211A1F61C2677FF00683E6D /* ViewController.swift */ = {isa = PBXFileReference; lastKnownFileType = sourcecode.swift; path = ViewController.swift; sourceTree = "<group>"; };
		5211A1F91C2677FF00683E6D /* Base */ = {isa = PBXFileReference; lastKnownFileType = file.storyboard; name = Base; path = Base.lproj/Main.storyboard; sourceTree = "<group>"; };
		5211A1FC1C2677FF00683E6D /* Intro_App_Exercise__red_or_blue_.xcdatamodel */ = {isa = PBXFileReference; lastKnownFileType = wrapper.xcdatamodel; path = Intro_App_Exercise__red_or_blue_.xcdatamodel; sourceTree = "<group>"; };
		5211A1FE1C2677FF00683E6D /* Assets.xcassets */ = {isa = PBXFileReference; lastKnownFileType = folder.assetcatalog; path = Assets.xcassets; sourceTree = "<group>"; };
		5211A2011C2677FF00683E6D /* Base */ = {isa = PBXFileReference; lastKnownFileType = file.storyboard; name = Base; path = Base.lproj/LaunchScreen.storyboard; sourceTree = "<group>"; };
		5211A2031C2677FF00683E6D /* Info.plist */ = {isa = PBXFileReference; lastKnownFileType = text.plist.xml; path = Info.plist; sourceTree = "<group>"; };
		5211A2081C2677FF00683E6D /* Intro App Exercise (red or blue)Tests.xctest */ = {isa = PBXFileReference; explicitFileType = wrapper.cfbundle; includeInIndex = 0; path = "Intro App Exercise (red or blue)Tests.xctest"; sourceTree = BUILT_PRODUCTS_DIR; };
		5211A20C1C2677FF00683E6D /* Intro_App_Exercise__red_or_blue_Tests.swift */ = {isa = PBXFileReference; lastKnownFileType = sourcecode.swift; path = Intro_App_Exercise__red_or_blue_Tests.swift; sourceTree = "<group>"; };
		5211A20E1C2677FF00683E6D /* Info.plist */ = {isa = PBXFileReference; lastKnownFileType = text.plist.xml; path = Info.plist; sourceTree = "<group>"; };
		5211A2131C2677FF00683E6D /* Intro App Exercise (red or blue)UITests.xctest */ = {isa = PBXFileReference; explicitFileType = wrapper.cfbundle; includeInIndex = 0; path = "Intro App Exercise (red or blue)UITests.xctest"; sourceTree = BUILT_PRODUCTS_DIR; };
		5211A2171C2677FF00683E6D /* Intro_App_Exercise__red_or_blue_UITests.swift */ = {isa = PBXFileReference; lastKnownFileType = sourcecode.swift; path = Intro_App_Exercise__red_or_blue_UITests.swift; sourceTree = "<group>"; };
		5211A2191C2677FF00683E6D /* Info.plist */ = {isa = PBXFileReference; lastKnownFileType = text.plist.xml; path = Info.plist; sourceTree = "<group>"; };
/* End PBXFileReference section */

/* Begin PBXFrameworksBuildPhase section */
		5211A1EE1C2677FF00683E6D /* Frameworks */ = {
			isa = PBXFrameworksBuildPhase;
			buildActionMask = 2147483647;
			files = (
			);
			runOnlyForDeploymentPostprocessing = 0;
		};
		5211A2051C2677FF00683E6D /* Frameworks */ = {
			isa = PBXFrameworksBuildPhase;
			buildActionMask = 2147483647;
			files = (
			);
			runOnlyForDeploymentPostprocessing = 0;
		};
		5211A2101C2677FF00683E6D /* Frameworks */ = {
			isa = PBXFrameworksBuildPhase;
			buildActionMask = 2147483647;
			files = (
			);
			runOnlyForDeploymentPostprocessing = 0;
		};
/* End PBXFrameworksBuildPhase section */

/* Begin PBXGroup section */
		5211A1E81C2677FF00683E6D = {
			isa = PBXGroup;
			children = (
				5211A1F31C2677FF00683E6D /* Intro App Exercise (red or blue) */,
				5211A20B1C2677FF00683E6D /* Intro App Exercise (red or blue)Tests */,
				5211A2161C2677FF00683E6D /* Intro App Exercise (red or blue)UITests */,
				5211A1F21C2677FF00683E6D /* Products */,
			);
			sourceTree = "<group>";
		};
		5211A1F21C2677FF00683E6D /* Products */ = {
			isa = PBXGroup;
			children = (
				5211A1F11C2677FF00683E6D /* Intro App Exercise (red or blue).app */,
				5211A2081C2677FF00683E6D /* Intro App Exercise (red or blue)Tests.xctest */,
				5211A2131C2677FF00683E6D /* Intro App Exercise (red or blue)UITests.xctest */,
			);
			name = Products;
			sourceTree = "<group>";
		};
		5211A1F31C2677FF00683E6D /* Intro App Exercise (red or blue) */ = {
			isa = PBXGroup;
			children = (
				5211A1F41C2677FF00683E6D /* AppDelegate.swift */,
				5211A1F61C2677FF00683E6D /* ViewController.swift */,
				5211A1F81C2677FF00683E6D /* Main.storyboard */,
				5211A1FE1C2677FF00683E6D /* Assets.xcassets */,
				5211A2001C2677FF00683E6D /* LaunchScreen.storyboard */,
				5211A2031C2677FF00683E6D /* Info.plist */,
				5211A1FB1C2677FF00683E6D /* Intro_App_Exercise__red_or_blue_.xcdatamodeld */,
			);
			path = "Intro App Exercise (red or blue)";
			sourceTree = "<group>";
		};
		5211A20B1C2677FF00683E6D /* Intro App Exercise (red or blue)Tests */ = {
			isa = PBXGroup;
			children = (
				5211A20C1C2677FF00683E6D /* Intro_App_Exercise__red_or_blue_Tests.swift */,
				5211A20E1C2677FF00683E6D /* Info.plist */,
			);
			path = "Intro App Exercise (red or blue)Tests";
			sourceTree = "<group>";
		};
		5211A2161C2677FF00683E6D /* Intro App Exercise (red or blue)UITests */ = {
			isa = PBXGroup;
			children = (
				5211A2171C2677FF00683E6D /* Intro_App_Exercise__red_or_blue_UITests.swift */,
				5211A2191C2677FF00683E6D /* Info.plist */,
			);
			path = "Intro App Exercise (red or blue)UITests";
			sourceTree = "<group>";
		};
/* End PBXGroup section */

/* Begin PBXNativeTarget section */
		5211A1F01C2677FF00683E6D /* Intro App Exercise (red or blue) */ = {
			isa = PBXNativeTarget;
			buildConfigurationList = 5211A21C1C2677FF00683E6D /* Build configuration list for PBXNativeTarget "Intro App Exercise (red or blue)" */;
			buildPhases = (
				5211A1ED1C2677FF00683E6D /* Sources */,
				5211A1EE1C2677FF00683E6D /* Frameworks */,
				5211A1EF1C2677FF00683E6D /* Resources */,
			);
			buildRules = (
			);
			dependencies = (
			);
			name = "Intro App Exercise (red or blue)";
			productName = "Intro App Exercise (red or blue)";
			productReference = 5211A1F11C2677FF00683E6D /* Intro App Exercise (red or blue).app */;
			productType = "com.apple.product-type.application";
		};
		5211A2071C2677FF00683E6D /* Intro App Exercise (red or blue)Tests */ = {
			isa = PBXNativeTarget;
			buildConfigurationList = 5211A21F1C2677FF00683E6D /* Build configuration list for PBXNativeTarget "Intro App Exercise (red or blue)Tests" */;
			buildPhases = (
				5211A2041C2677FF00683E6D /* Sources */,
				5211A2051C2677FF00683E6D /* Frameworks */,
				5211A2061C2677FF00683E6D /* Resources */,
			);
			buildRules = (
			);
			dependencies = (
				5211A20A1C2677FF00683E6D /* PBXTargetDependency */,
			);
			name = "Intro App Exercise (red or blue)Tests";
			productName = "Intro App Exercise (red or blue)Tests";
			productReference = 5211A2081C2677FF00683E6D /* Intro App Exercise (red or blue)Tests.xctest */;
			productType = "com.apple.product-type.bundle.unit-test";
		};
		5211A2121C2677FF00683E6D /* Intro App Exercise (red or blue)UITests */ = {
			isa = PBXNativeTarget;
			buildConfigurationList = 5211A2221C2677FF00683E6D /* Build configuration list for PBXNativeTarget "Intro App Exercise (red or blue)UITests" */;
			buildPhases = (
				5211A20F1C2677FF00683E6D /* Sources */,
				5211A2101C2677FF00683E6D /* Frameworks */,
				5211A2111C2677FF00683E6D /* Resources */,
			);
			buildRules = (
			);
			dependencies = (
				5211A2151C2677FF00683E6D /* PBXTargetDependency */,
			);
			name = "Intro App Exercise (red or blue)UITests";
			productName = "Intro App Exercise (red or blue)UITests";
			productReference = 5211A2131C2677FF00683E6D /* Intro App Exercise (red or blue)UITests.xctest */;
			productType = "com.apple.product-type.bundle.ui-testing";
		};
/* End PBXNativeTarget section */

/* Begin PBXProject section */
		5211A1E91C2677FF00683E6D /* Project object */ = {
			isa = PBXProject;
			attributes = {
				LastSwiftUpdateCheck = 0720;
				LastUpgradeCheck = 0720;
				ORGANIZATIONNAME = JTOSoftworks;
				TargetAttributes = {
					5211A1F01C2677FF00683E6D = {
						CreatedOnToolsVersion = 7.2;
						DevelopmentTeam = 76Q4H2EBB3;
					};
					5211A2071C2677FF00683E6D = {
						CreatedOnToolsVersion = 7.2;
						DevelopmentTeam = 76Q4H2EBB3;
						TestTargetID = 5211A1F01C2677FF00683E6D;
					};
					5211A2121C2677FF00683E6D = {
						CreatedOnToolsVersion = 7.2;
						DevelopmentTeam = 76Q4H2EBB3;
						TestTargetID = 5211A1F01C2677FF00683E6D;
					};
				};
			};
			buildConfigurationList = 5211A1EC1C2677FF00683E6D /* Build configuration list for PBXProject "Intro App Exercise (red or blue)" */;
			compatibilityVersion = "Xcode 3.2";
			developmentRegion = English;
			hasScannedForEncodings = 0;
			knownRegions = (
				en,
				Base,
			);
			mainGroup = 5211A1E81C2677FF00683E6D;
			productRefGroup = 5211A1F21C2677FF00683E6D /* Products */;
			projectDirPath = "";
			projectRoot = "";
			targets = (
				5211A1F01C2677FF00683E6D /* Intro App Exercise (red or blue) */,
				5211A2071C2677FF00683E6D /* Intro App Exercise (red or blue)Tests */,
				5211A2121C2677FF00683E6D /* Intro App Exercise (red or blue)UITests */,
			);
		};
/* End PBXProject section */

/* Begin PBXResourcesBuildPhase section */
		5211A1EF1C2677FF00683E6D /* Resources */ = {
			isa = PBXResourcesBuildPhase;
			buildActionMask = 2147483647;
			files = (
				5211A2021C2677FF00683E6D /* LaunchScreen.storyboard in Resources */,
				5211A1FF1C2677FF00683E6D /* Assets.xcassets in Resources */,
				5211A1FA1C2677FF00683E6D /* Main.storyboard in Resources */,
			);
			runOnlyForDeploymentPostprocessing = 0;
		};
		5211A2061C2677FF00683E6D /* Resources */ = {
			isa = PBXResourcesBuildPhase;
			buildActionMask = 2147483647;
			files = (
			);
			runOnlyForDeploymentPostprocessing = 0;
		};
		5211A2111C2677FF00683E6D /* Resources */ = {
			isa = PBXResourcesBuildPhase;
			buildActionMask = 2147483647;
			files = (
			);
			runOnlyForDeploymentPostprocessing = 0;
		};
/* End PBXResourcesBuildPhase section */

/* Begin PBXSourcesBuildPhase section */
		5211A1ED1C2677FF00683E6D /* Sources */ = {
			isa = PBXSourcesBuildPhase;
			buildActionMask = 2147483647;
			files = (
				5211A1F71C2677FF00683E6D /* ViewController.swift in Sources */,
				5211A1F51C2677FF00683E6D /* AppDelegate.swift in Sources */,
				5211A1FD1C2677FF00683E6D /* Intro_App_Exercise__red_or_blue_.xcdatamodeld in Sources */,
			);
			runOnlyForDeploymentPostprocessing = 0;
		};
		5211A2041C2677FF00683E6D /* Sources */ = {
			isa = PBXSourcesBuildPhase;
			buildActionMask = 2147483647;
			files = (
				5211A20D1C2677FF00683E6D /* Intro_App_Exercise__red_or_blue_Tests.swift in Sources */,
			);
			runOnlyForDeploymentPostprocessing = 0;
		};
		5211A20F1C2677FF00683E6D /* Sources */ = {
			isa = PBXSourcesBuildPhase;
			buildActionMask = 2147483647;
			files = (
				5211A2181C2677FF00683E6D /* Intro_App_Exercise__red_or_blue_UITests.swift in Sources */,
			);
			runOnlyForDeploymentPostprocessing = 0;
		};
/* End PBXSourcesBuildPhase section */

/* Begin PBXTargetDependency section */
		5211A20A1C2677FF00683E6D /* PBXTargetDependency */ = {
			isa = PBXTargetDependency;
			target = 5211A1F01C2677FF00683E6D /* Intro App Exercise (red or blue) */;
			targetProxy = 5211A2091C2677FF00683E6D /* PBXContainerItemProxy */;
		};
		5211A2151C2677FF00683E6D /* PBXTargetDependency */ = {
			isa = PBXTargetDependency;
			target = 5211A1F01C2677FF00683E6D /* Intro App Exercise (red or blue) */;
			targetProxy = 5211A2141C2677FF00683E6D /* PBXContainerItemProxy */;
		};
/* End PBXTargetDependency section */

/* Begin PBXVariantGroup section */
		5211A1F81C2677FF00683E6D /* Main.storyboard */ = {
			isa = PBXVariantGroup;
			children = (
				5211A1F91C2677FF00683E6D /* Base */,
			);
			name = Main.storyboard;
			sourceTree = "<group>";
		};
		5211A2001C2677FF00683E6D /* LaunchScreen.storyboard */ = {
			isa = PBXVariantGroup;
			children = (
				5211A2011C2677FF00683E6D /* Base */,
			);
			name = LaunchScreen.storyboard;
			sourceTree = "<group>";
		};
/* End PBXVariantGroup section */

/* Begin XCBuildConfiguration section */
		5211A21A1C2677FF00683E6D /* Debug */ = {
			isa = XCBuildConfiguration;
			buildSettings = {
				ALWAYS_SEARCH_USER_PATHS = NO;
				CLANG_CXX_LANGUAGE_STANDARD = "gnu++0x";
				CLANG_CXX_LIBRARY = "libc++";
				CLANG_ENABLE_MODULES = YES;
				CLANG_ENABLE_OBJC_ARC = YES;
				CLANG_WARN_BOOL_CONVERSION = YES;
				CLANG_WARN_CONSTANT_CONVERSION = YES;
				CLANG_WARN_DIRECT_OBJC_ISA_USAGE = YES_ERROR;
				CLANG_WARN_EMPTY_BODY = YES;
				CLANG_WARN_ENUM_CONVERSION = YES;
				CLANG_WARN_INT_CONVERSION = YES;
				CLANG_WARN_OBJC_ROOT_CLASS = YES_ERROR;
				CLANG_WARN_UNREACHABLE_CODE = YES;
				CLANG_WARN__DUPLICATE_METHOD_MATCH = YES;
				"CODE_SIGN_IDENTITY[sdk=iphoneos*]" = "iPhone Developer";
				COPY_PHASE_STRIP = NO;
				DEBUG_INFORMATION_FORMAT = dwarf;
				ENABLE_STRICT_OBJC_MSGSEND = YES;
				ENABLE_TESTABILITY = YES;
				GCC_C_LANGUAGE_STANDARD = gnu99;
				GCC_DYNAMIC_NO_PIC = NO;
				GCC_NO_COMMON_BLOCKS = YES;
				GCC_OPTIMIZATION_LEVEL = 0;
				GCC_PREPROCESSOR_DEFINITIONS = (
					"DEBUG=1",
					"$(inherited)",
				);
				GCC_WARN_64_TO_32_BIT_CONVERSION = YES;
				GCC_WARN_ABOUT_RETURN_TYPE = YES_ERROR;
				GCC_WARN_UNDECLARED_SELECTOR = YES;
				GCC_WARN_UNINITIALIZED_AUTOS = YES_AGGRESSIVE;
				GCC_WARN_UNUSED_FUNCTION = YES;
				GCC_WARN_UNUSED_VARIABLE = YES;
				IPHONEOS_DEPLOYMENT_TARGET = 9.2;
				MTL_ENABLE_DEBUG_INFO = YES;
				ONLY_ACTIVE_ARCH = YES;
				SDKROOT = iphoneos;
				SWIFT_OPTIMIZATION_LEVEL = "-Onone";
			};
			name = Debug;
		};
		5211A21B1C2677FF00683E6D /* Release */ = {
			isa = XCBuildConfiguration;
			buildSettings = {
				ALWAYS_SEARCH_USER_PATHS = NO;
				CLANG_CXX_LANGUAGE_STANDARD = "gnu++0x";
				CLANG_CXX_LIBRARY = "libc++";
				CLANG_ENABLE_MODULES = YES;
				CLANG_ENABLE_OBJC_ARC = YES;
				CLANG_WARN_BOOL_CONVERSION = YES;
				CLANG_WARN_CONSTANT_CONVERSION = YES;
				CLANG_WARN_DIRECT_OBJC_ISA_USAGE = YES_ERROR;
				CLANG_WARN_EMPTY_BODY = YES;
				CLANG_WARN_ENUM_CONVERSION = YES;
				CLANG_WARN_INT_CONVERSION = YES;
				CLANG_WARN_OBJC_ROOT_CLASS = YES_ERROR;
				CLANG_WARN_UNREACHABLE_CODE = YES;
				CLANG_WARN__DUPLICATE_METHOD_MATCH = YES;
				"CODE_SIGN_IDENTITY[sdk=iphoneos*]" = "iPhone Developer";
				COPY_PHASE_STRIP = NO;
				DEBUG_INFORMATION_FORMAT = "dwarf-with-dsym";
				ENABLE_NS_ASSERTIONS = NO;
				ENABLE_STRICT_OBJC_MSGSEND = YES;
				GCC_C_LANGUAGE_STANDARD = gnu99;
				GCC_NO_COMMON_BLOCKS = YES;
				GCC_WARN_64_TO_32_BIT_CONVERSION = YES;
				GCC_WARN_ABOUT_RETURN_TYPE = YES_ERROR;
				GCC_WARN_UNDECLARED_SELECTOR = YES;
				GCC_WARN_UNINITIALIZED_AUTOS = YES_AGGRESSIVE;
				GCC_WARN_UNUSED_FUNCTION = YES;
				GCC_WARN_UNUSED_VARIABLE = YES;
				IPHONEOS_DEPLOYMENT_TARGET = 9.2;
				MTL_ENABLE_DEBUG_INFO = NO;
				SDKROOT = iphoneos;
				VALIDATE_PRODUCT = YES;
			};
			name = Release;
		};
		5211A21D1C2677FF00683E6D /* Debug */ = {
			isa = XCBuildConfiguration;
			buildSettings = {
				ASSETCATALOG_COMPILER_APPICON_NAME = AppIcon;
				INFOPLIST_FILE = "Intro App Exercise (red or blue)/Info.plist";
				LD_RUNPATH_SEARCH_PATHS = "$(inherited) @executable_path/Frameworks";
				PRODUCT_BUNDLE_IDENTIFIER = "eduJTOSoftworks.Intro-App-Exercise--red-or-blue-";
				PRODUCT_NAME = "$(TARGET_NAME)";
			};
			name = Debug;
		};
		5211A21E1C2677FF00683E6D /* Release */ = {
			isa = XCBuildConfiguration;
			buildSettings = {
				ASSETCATALOG_COMPILER_APPICON_NAME = AppIcon;
				INFOPLIST_FILE = "Intro App Exercise (red or blue)/Info.plist";
				LD_RUNPATH_SEARCH_PATHS = "$(inherited) @executable_path/Frameworks";
				PRODUCT_BUNDLE_IDENTIFIER = "eduJTOSoftworks.Intro-App-Exercise--red-or-blue-";
				PRODUCT_NAME = "$(TARGET_NAME)";
			};
			name = Release;
		};
		5211A2201C2677FF00683E6D /* Debug */ = {
			isa = XCBuildConfiguration;
			buildSettings = {
				BUNDLE_LOADER = "$(TEST_HOST)";
				INFOPLIST_FILE = "Intro App Exercise (red or blue)Tests/Info.plist";
				LD_RUNPATH_SEARCH_PATHS = "$(inherited) @executable_path/Frameworks @loader_path/Frameworks";
				PRODUCT_BUNDLE_IDENTIFIER = "eduJTOSoftworks.Intro-App-Exercise--red-or-blue-Tests";
				PRODUCT_NAME = "$(TARGET_NAME)";
				TEST_HOST = "$(BUILT_PRODUCTS_DIR)/Intro App Exercise (red or blue).app/Intro App Exercise (red or blue)";
			};
			name = Debug;
		};
		5211A2211C2677FF00683E6D /* Release */ = {
			isa = XCBuildConfiguration;
			buildSettings = {
				BUNDLE_LOADER = "$(TEST_HOST)";
				INFOPLIST_FILE = "Intro App Exercise (red or blue)Tests/Info.plist";
				LD_RUNPATH_SEARCH_PATHS = "$(inherited) @executable_path/Frameworks @loader_path/Frameworks";
				PRODUCT_BUNDLE_IDENTIFIER = "eduJTOSoftworks.Intro-App-Exercise--red-or-blue-Tests";
				PRODUCT_NAME = "$(TARGET_NAME)";
				TEST_HOST = "$(BUILT_PRODUCTS_DIR)/Intro App Exercise (red or blue).app/Intro App Exercise (red or blue)";
			};
			name = Release;
		};
		5211A2231C2677FF00683E6D /* Debug */ = {
			isa = XCBuildConfiguration;
			buildSettings = {
				INFOPLIST_FILE = "Intro App Exercise (red or blue)UITests/Info.plist";
				LD_RUNPATH_SEARCH_PATHS = "$(inherited) @executable_path/Frameworks @loader_path/Frameworks";
				PRODUCT_BUNDLE_IDENTIFIER = "eduJTOSoftworks.Intro-App-Exercise--red-or-blue-UITests";
				PRODUCT_NAME = "$(TARGET_NAME)";
				TEST_TARGET_NAME = "Intro App Exercise (red or blue)";
				USES_XCTRUNNER = YES;
			};
			name = Debug;
		};
		5211A2241C2677FF00683E6D /* Release */ = {
			isa = XCBuildConfiguration;
			buildSettings = {
				INFOPLIST_FILE = "Intro App Exercise (red or blue)UITests/Info.plist";
				LD_RUNPATH_SEARCH_PATHS = "$(inherited) @executable_path/Frameworks @loader_path/Frameworks";
				PRODUCT_BUNDLE_IDENTIFIER = "eduJTOSoftworks.Intro-App-Exercise--red-or-blue-UITests";
				PRODUCT_NAME = "$(TARGET_NAME)";
				TEST_TARGET_NAME = "Intro App Exercise (red or blue)";
				USES_XCTRUNNER = YES;
			};
			name = Release;
		};
/* End XCBuildConfiguration section */

/* Begin XCConfigurationList section */
		5211A1EC1C2677FF00683E6D /* Build configuration list for PBXProject "Intro App Exercise (red or blue)" */ = {
			isa = XCConfigurationList;
			buildConfigurations = (
				5211A21A1C2677FF00683E6D /* Debug */,
				5211A21B1C2677FF00683E6D /* Release */,
			);
			defaultConfigurationIsVisible = 0;
			defaultConfigurationName = Release;
		};
		5211A21C1C2677FF00683E6D /* Build configuration list for PBXNativeTarget "Intro App Exercise (red or blue)" */ = {
			isa = XCConfigurationList;
			buildConfigurations = (
				5211A21D1C2677FF00683E6D /* Debug */,
				5211A21E1C2677FF00683E6D /* Release */,
			);
			defaultConfigurationIsVisible = 0;
		};
		5211A21F1C2677FF00683E6D /* Build configuration list for PBXNativeTarget "Intro App Exercise (red or blue)Tests" */ = {
			isa = XCConfigurationList;
			buildConfigurations = (
				5211A2201C2677FF00683E6D /* Debug */,
				5211A2211C2677FF00683E6D /* Release */,
			);
			defaultConfigurationIsVisible = 0;
		};
		5211A2221C2677FF00683E6D /* Build configuration list for PBXNativeTarget "Intro App Exercise (red or blue)UITests" */ = {
			isa = XCConfigurationList;
			buildConfigurations = (
				5211A2231C2677FF00683E6D /* Debug */,
				5211A2241C2677FF00683E6D /* Release */,
			);
			defaultConfigurationIsVisible = 0;
		};
/* End XCConfigurationList section */

/* Begin XCVersionGroup section */
		5211A1FB1C2677FF00683E6D /* Intro_App_Exercise__red_or_blue_.xcdatamodeld */ = {
			isa = XCVersionGroup;
			children = (
				5211A1FC1C2677FF00683E6D /* Intro_App_Exercise__red_or_blue_.xcdatamodel */,
			);
			currentVersion = 5211A1FC1C2677FF00683E6D /* Intro_App_Exercise__red_or_blue_.xcdatamodel */;
			path = Intro_App_Exercise__red_or_blue_.xcdatamodeld;
			sourceTree = "<group>";
			versionGroupType = wrapper.xcdatamodel;
		};
/* End XCVersionGroup section */
	};
	rootObject = 5211A1E91C2677FF00683E6D /* Project object */;
}
